
Microsoft Visual Studio Solution File, Format Version 12.00
# Visual Studio Version 16
VisualStudioVersion = 16.0.31229.75
MinimumVisualStudioVersion = 10.0.40219.1
Project("{8BC9CEB8-8B4A-11D0-8D11-00A0C91BC942}") = "utptwManagementSystem", "utptwManagementSystem\utptwManagementSystem.vcxproj", "{4D400C2F-324E-4081-97BD-171CDC798E0D}"
EndProject
Global
	GlobalSection(SolutionConfigurationPlatforms) = preSolution
		Debug|x64 = Debug|x64
		Debug|x86 = Debug|x86
		Release|x64 = Release|x64
		Release|x86 = Release|x86
	EndGlobalSection
	GlobalSection(ProjectConfigurationPlatforms) = postSolution
		{4D400C2F-324E-4081-97BD-171CDC798E0D}.Debug|x64.ActiveCfg = Debug|x64
		{4D400C2F-324E-4081-97BD-171CDC798E0D}.Debug|x64.Build.0 = Debug|x64
		{4D400C2F-324E-4081-97BD-171CDC798E0D}.Debug|x86.ActiveCfg = Debug|Win32
		{4D400C2F-324E-4081-97BD-171CDC798E0D}.Debug|x86.Build.0 = Debug|Win32
		{4D400C2F-324E-4081-97BD-171CDC798E0D}.Release|x64.ActiveCfg = Release|x64
		{4D400C2F-324E-4081-97BD-171CDC798E0D}.Release|x64.Build.0 = Release|x64
		{4D400C2F-324E-4081-97BD-171CDC798E0D}.Release|x86.ActiveCfg = Release|Win32
		{4D400C2F-324E-4081-97BD-171CDC798E0D}.Release|x86.Build.0 = Release|Win32
	EndGlobalSection
	GlobalSection(SolutionProperties) = preSolution
		HideSolutionNode = FALSE
	EndGlobalSection
	GlobalSection(ExtensibilityGlobals) = postSolution
		SolutionGuid = {E26AFA49-2445-41F8-AAA6-F71E1EB464BF}
	EndGlobalSection
EndGlobal
